// !$*UTF8*$!
{
	archiveVersion = 1;
	classes = {
	};
	objectVersion = 50;
	objects = {

/* Begin PBXBuildFile section */
		F6A2173D25D8E17C0048C99F /* AppDelegate.swift in Sources */ = {isa = PBXBuildFile; fileRef = F6A2173C25D8E17C0048C99F /* AppDelegate.swift */; };
		F6A2173F25D8E17C0048C99F /* SceneDelegate.swift in Sources */ = {isa = PBXBuildFile; fileRef = F6A2173E25D8E17C0048C99F /* SceneDelegate.swift */; };
		F6A2174125D8E17C0048C99F /* ViewController.swift in Sources */ = {isa = PBXBuildFile; fileRef = F6A2174025D8E17C0048C99F /* ViewController.swift */; };
		F6A2174425D8E17C0048C99F /* Main.storyboard in Resources */ = {isa = PBXBuildFile; fileRef = F6A2174225D8E17C0048C99F /* Main.storyboard */; };
		F6A2174625D8E17D0048C99F /* Assets.xcassets in Resources */ = {isa = PBXBuildFile; fileRef = F6A2174525D8E17D0048C99F /* Assets.xcassets */; };
		F6A2174925D8E17D0048C99F /* LaunchScreen.storyboard in Resources */ = {isa = PBXBuildFile; fileRef = F6A2174725D8E17D0048C99F /* LaunchScreen.storyboard */; };
		F6A2175225D904190048C99F /* 1.jpg in Resources */ = {isa = PBXBuildFile; fileRef = F6A2175125D904190048C99F /* 1.jpg */; };
		F6A2175525D904220048C99F /* 2.jpg in Resources */ = {isa = PBXBuildFile; fileRef = F6A2175425D904220048C99F /* 2.jpg */; };
		F6A2175825D904290048C99F /* 3.jpg in Resources */ = {isa = PBXBuildFile; fileRef = F6A2175725D904290048C99F /* 3.jpg */; };
		F6A2175B25D906260048C99F /* SecondController.swift in Sources */ = {isa = PBXBuildFile; fileRef = F6A2175A25D906260048C99F /* SecondController.swift */; };
/* End PBXBuildFile section */

/* Begin PBXFileReference section */
		F6A2173925D8E17C0048C99F /* slideshowApp.app */ = {isa = PBXFileReference; explicitFileType = wrapper.application; includeInIndex = 0; path = slideshowApp.app; sourceTree = BUILT_PRODUCTS_DIR; };
		F6A2173C25D8E17C0048C99F /* AppDelegate.swift */ = {isa = PBXFileReference; lastKnownFileType = sourcecode.swift; path = AppDelegate.swift; sourceTree = "<group>"; };
		F6A2173E25D8E17C0048C99F /* SceneDelegate.swift */ = {isa = PBXFileReference; lastKnownFileType = sourcecode.swift; path = SceneDelegate.swift; sourceTree = "<group>"; };
		F6A2174025D8E17C0048C99F /* ViewController.swift */ = {isa = PBXFileReference; lastKnownFileType = sourcecode.swift; path = ViewController.swift; sourceTree = "<group>"; };
		F6A2174325D8E17C0048C99F /* Base */ = {isa = PBXFileReference; lastKnownFileType = file.storyboard; name = Base; path = Base.lproj/Main.storyboard; sourceTree = "<group>"; };
		F6A2174525D8E17D0048C99F /* Assets.xcassets */ = {isa = PBXFileReference; lastKnownFileType = folder.assetcatalog; path = Assets.xcassets; sourceTree = "<group>"; };
		F6A2174825D8E17D0048C99F /* Base */ = {isa = PBXFileReference; lastKnownFileType = file.storyboard; name = Base; path = Base.lproj/LaunchScreen.storyboard; sourceTree = "<group>"; };
		F6A2174A25D8E17D0048C99F /* Info.plist */ = {isa = PBXFileReference; lastKnownFileType = text.plist.xml; path = Info.plist; sourceTree = "<group>"; };
		F6A2175125D904190048C99F /* 1.jpg */ = {isa = PBXFileReference; lastKnownFileType = image.jpeg; path = 1.jpg; sourceTree = "<group>"; };
		F6A2175425D904220048C99F /* 2.jpg */ = {isa = PBXFileReference; lastKnownFileType = image.jpeg; path = 2.jpg; sourceTree = "<group>"; };
		F6A2175725D904290048C99F /* 3.jpg */ = {isa = PBXFileReference; lastKnownFileType = image.jpeg; path = 3.jpg; sourceTree = "<group>"; };
		F6A2175A25D906260048C99F /* SecondController.swift */ = {isa = PBXFileReference; lastKnownFileType = sourcecode.swift; path = SecondController.swift; sourceTree = "<group>"; };
/* End PBXFileReference section */

/* Begin PBXFrameworksBuildPhase section */
		F6A2173625D8E17C0048C99F /* Frameworks */ = {
			isa = PBXFrameworksBuildPhase;
			buildActionMask = 2147483647;
			files = (
			);
			runOnlyForDeploymentPostprocessing = 0;
		};
/* End PBXFrameworksBuildPhase section */

/* Begin PBXGroup section */
		F6A2173025D8E17C0048C99F = {
			isa = PBXGroup;
			children = (
				F6A2173B25D8E17C0048C99F /* slideshowApp */,
				F6A2173A25D8E17C0048C99F /* Products */,
			);
			sourceTree = "<group>";
		};
		F6A2173A25D8E17C0048C99F /* Products */ = {
			isa = PBXGroup;
			children = (
				F6A2173925D8E17C0048C99F /* slideshowApp.app */,
			);
			name = Products;
			sourceTree = "<group>";
		};
		F6A2173B25D8E17C0048C99F /* slideshowApp */ = {
			isa = PBXGroup;
			children = (
				F6A2173C25D8E17C0048C99F /* AppDelegate.swift */,
				F6A2173E25D8E17C0048C99F /* SceneDelegate.swift */,
				F6A2175125D904190048C99F /* 1.jpg */,
				F6A2175425D904220048C99F /* 2.jpg */,
				F6A2175725D904290048C99F /* 3.jpg */,
				F6A2174025D8E17C0048C99F /* ViewController.swift */,
				F6A2175A25D906260048C99F /* SecondController.swift */,
				F6A2174225D8E17C0048C99F /* Main.storyboard */,
				F6A2174525D8E17D0048C99F /* Assets.xcassets */,
				F6A2174725D8E17D0048C99F /* LaunchScreen.storyboard */,
				F6A2174A25D8E17D0048C99F /* Info.plist */,
			);
			path = slideshowApp;
			sourceTree = "<group>";
		};
/* End PBXGroup section */

/* Begin PBXNativeTarget section */
		F6A2173825D8E17C0048C99F /* slideshowApp */ = {
			isa = PBXNativeTarget;
			buildConfigurationList = F6A2174D25D8E17D0048C99F /* Build configuration list for PBXNativeTarget "slideshowApp" */;
			buildPhases = (
				F6A2173525D8E17C0048C99F /* Sources */,
				F6A2173625D8E17C0048C99F /* Frameworks */,
				F6A2173725D8E17C0048C99F /* Resources */,
			);
			buildRules = (
			);
			dependencies = (
			);
			name = slideshowApp;
			productName = slideshowApp;
			productReference = F6A2173925D8E17C0048C99F /* slideshowApp.app */;
			productType = "com.apple.product-type.application";
		};
/* End PBXNativeTarget section */

/* Begin PBXProject section */
		F6A2173125D8E17C0048C99F /* Project object */ = {
			isa = PBXProject;
			attributes = {
				LastSwiftUpdateCheck = 1220;
				LastUpgradeCheck = 1220;
				TargetAttributes = {
					F6A2173825D8E17C0048C99F = {
						CreatedOnToolsVersion = 12.2;
					};
				};
			};
			buildConfigurationList = F6A2173425D8E17C0048C99F /* Build configuration list for PBXProject "slideshowApp" */;
			compatibilityVersion = "Xcode 9.3";
			developmentRegion = en;
			hasScannedForEncodings = 0;
			knownRegions = (
				en,
				Base,
			);
			mainGroup = F6A2173025D8E17C0048C99F;
			productRefGroup = F6A2173A25D8E17C0048C99F /* Products */;
			projectDirPath = "";
			projectRoot = "";
			targets = (
				F6A2173825D8E17C0048C99F /* slideshowApp */,
			);
		};
/* End PBXProject section */

/* Begin PBXResourcesBuildPhase section */
		F6A2173725D8E17C0048C99F /* Resources */ = {
			isa = PBXResourcesBuildPhase;
			buildActionMask = 2147483647;
			files = (
				F6A2174925D8E17D0048C99F /* LaunchScreen.storyboard in Resources */,
				F6A2175225D904190048C99F /* 1.jpg in Resources */,
				F6A2175525D904220048C99F /* 2.jpg in Resources */,
				F6A2175825D904290048C99F /* 3.jpg in Resources */,
				F6A2174625D8E17D0048C99F /* Assets.xcassets in Resources */,
				F6A2174425D8E17C0048C99F /* Main.storyboard in Resources */,
			);
			runOnlyForDeploymentPostprocessing = 0;
		};
/* End PBXResourcesBuildPhase section */

/* Begin PBXSourcesBuildPhase section */
		F6A2173525D8E17C0048C99F /* Sources */ = {
			isa = PBXSourcesBuildPhase;
			buildActionMask = 2147483647;
			files = (
				F6A2174125D8E17C0048C99F /* ViewController.swift in Sources */,
				F6A2175B25D906260048C99F /* SecondController.swift in Sources */,
				F6A2173D25D8E17C0048C99F /* AppDelegate.swift in Sources */,
				F6A2173F25D8E17C0048C99F /* SceneDelegate.swift in Sources */,
			);
			runOnlyForDeploymentPostprocessing = 0;
		};
/* End PBXSourcesBuildPhase section */

/* Begin PBXVariantGroup section */
		F6A2174225D8E17C0048C99F /* Main.storyboard */ = {
			isa = PBXVariantGroup;
			children = (
				F6A2174325D8E17C0048C99F /* Base */,
			);
			name = Main.storyboard;
			sourceTree = "<group>";
		};
		F6A2174725D8E17D0048C99F /* LaunchScreen.storyboard */ = {
			isa = PBXVariantGroup;
			children = (
				F6A2174825D8E17D0048C99F /* Base */,
			);
			name = LaunchScreen.storyboard;
			sourceTree = "<group>";
		};
/* End PBXVariantGroup section */

/* Begin XCBuildConfiguration section */
		F6A2174B25D8E17D0048C99F /* Debug */ = {
			isa = XCBuildConfiguration;
			buildSettings = {
				ALWAYS_SEARCH_USER_PATHS = NO;
				CLANG_ANALYZER_NONNULL = YES;
				CLANG_ANALYZER_NUMBER_OBJECT_CONVERSION = YES_AGGRESSIVE;
				CLANG_CXX_LANGUAGE_STANDARD = "gnu++14";
				CLANG_CXX_LIBRARY = "libc++";
				CLANG_ENABLE_MODULES = YES;
				CLANG_ENABLE_OBJC_ARC = YES;
				CLANG_ENABLE_OBJC_WEAK = YES;
				CLANG_WARN_BLOCK_CAPTURE_AUTORELEASING = YES;
				CLANG_WARN_BOOL_CONVERSION = YES;
				CLANG_WARN_COMMA = YES;
				CLANG_WARN_CONSTANT_CONVERSION = YES;
				CLANG_WARN_DEPRECATED_OBJC_IMPLEMENTATIONS = YES;
				CLANG_WARN_DIRECT_OBJC_ISA_USAGE = YES_ERROR;
				CLANG_WARN_DOCUMENTATION_COMMENTS = YES;
				CLANG_WARN_EMPTY_BODY = YES;
				CLANG_WARN_ENUM_CONVERSION = YES;
				CLANG_WARN_INFINITE_RECURSION = YES;
				CLANG_WARN_INT_CONVERSION = YES;
				CLANG_WARN_NON_LITERAL_NULL_CONVERSION = YES;
				CLANG_WARN_OBJC_IMPLICIT_RETAIN_SELF = YES;
				CLANG_WARN_OBJC_LITERAL_CONVERSION = YES;
				CLANG_WARN_OBJC_ROOT_CLASS = YES_ERROR;
				CLANG_WARN_QUOTED_INCLUDE_IN_FRAMEWORK_HEADER = YES;
				CLANG_WARN_RANGE_LOOP_ANALYSIS = YES;
				CLANG_WARN_STRICT_PROTOTYPES = YES;
				CLANG_WARN_SUSPICIOUS_MOVE = YES;
				CLANG_WARN_UNGUARDED_AVAILABILITY = YES_AGGRESSIVE;
				CLANG_WARN_UNREACHABLE_CODE = YES;
				CLANG_WARN__DUPLICATE_METHOD_MATCH = YES;
				COPY_PHASE_STRIP = NO;
				DEBUG_INFORMATION_FORMAT = dwarf;
				ENABLE_STRICT_OBJC_MSGSEND = YES;
				ENABLE_TESTABILITY = YES;
				GCC_C_LANGUAGE_STANDARD = gnu11;
				GCC_DYNAMIC_NO_PIC = NO;
				GCC_NO_COMMON_BLOCKS = YES;
				GCC_OPTIMIZATION_LEVEL = 0;
				GCC_PREPROCESSOR_DEFINITIONS = (
					"DEBUG=1",
					"$(inherited)",
				);
				GCC_WARN_64_TO_32_BIT_CONVERSION = YES;
				GCC_WARN_ABOUT_RETURN_TYPE = YES_ERROR;
				GCC_WARN_UNDECLARED_SELECTOR = YES;
				GCC_WARN_UNINITIALIZED_AUTOS = YES_AGGRESSIVE;
				GCC_WARN_UNUSED_FUNCTION = YES;
				GCC_WARN_UNUSED_VARIABLE = YES;
				IPHONEOS_DEPLOYMENT_TARGET = 14.2;
				MTL_ENABLE_DEBUG_INFO = INCLUDE_SOURCE;
				MTL_FAST_MATH = YES;
				ONLY_ACTIVE_ARCH = YES;
				SDKROOT = iphoneos;
				SWIFT_ACTIVE_COMPILATION_CONDITIONS = DEBUG;
				SWIFT_OPTIMIZATION_LEVEL = "-Onone";
			};
			name = Debug;
		};
		F6A2174C25D8E17D0048C99F /* Release */ = {
			isa = XCBuildConfiguration;
			buildSettings = {
				ALWAYS_SEARCH_USER_PATHS = NO;
				CLANG_ANALYZER_NONNULL = YES;
				CLANG_ANALYZER_NUMBER_OBJECT_CONVERSION = YES_AGGRESSIVE;
				CLANG_CXX_LANGUAGE_STANDARD = "gnu++14";
				CLANG_CXX_LIBRARY = "libc++";
				CLANG_ENABLE_MODULES = YES;
				CLANG_ENABLE_OBJC_ARC = YES;
				CLANG_ENABLE_OBJC_WEAK = YES;
				CLANG_WARN_BLOCK_CAPTURE_AUTORELEASING = YES;
				CLANG_WARN_BOOL_CONVERSION = YES;
				CLANG_WARN_COMMA = YES;
				CLANG_WARN_CONSTANT_CONVERSION = YES;
				CLANG_WARN_DEPRECATED_OBJC_IMPLEMENTATIONS = YES;
				CLANG_WARN_DIRECT_OBJC_ISA_USAGE = YES_ERROR;
				CLANG_WARN_DOCUMENTATION_COMMENTS = YES;
				CLANG_WARN_EMPTY_BODY = YES;
				CLANG_WARN_ENUM_CONVERSION = YES;
				CLANG_WARN_INFINITE_RECURSION = YES;
				CLANG_WARN_INT_CONVERSION = YES;
				CLANG_WARN_NON_LITERAL_NULL_CONVERSION = YES;
				CLANG_WARN_OBJC_IMPLICIT_RETAIN_SELF = YES;
				CLANG_WARN_OBJC_LITERAL_CONVERSION = YES;
				CLANG_WARN_OBJC_ROOT_CLASS = YES_ERROR;
				CLANG_WARN_QUOTED_INCLUDE_IN_FRAMEWORK_HEADER = YES;
				CLANG_WARN_RANGE_LOOP_ANALYSIS = YES;
				CLANG_WARN_STRICT_PROTOTYPES = YES;
				CLANG_WARN_SUSPICIOUS_MOVE = YES;
				CLANG_WARN_UNGUARDED_AVAILABILITY = YES_AGGRESSIVE;
				CLANG_WARN_UNREACHABLE_CODE = YES;
				CLANG_WARN__DUPLICATE_METHOD_MATCH = YES;
				COPY_PHASE_STRIP = NO;
				DEBUG_INFORMATION_FORMAT = "dwarf-with-dsym";
				ENABLE_NS_ASSERTIONS = NO;
				ENABLE_STRICT_OBJC_MSGSEND = YES;
				GCC_C_LANGUAGE_STANDARD = gnu11;
				GCC_NO_COMMON_BLOCKS = YES;
				GCC_WARN_64_TO_32_BIT_CONVERSION = YES;
				GCC_WARN_ABOUT_RETURN_TYPE = YES_ERROR;
				GCC_WARN_UNDECLARED_SELECTOR = YES;
				GCC_WARN_UNINITIALIZED_AUTOS = YES_AGGRESSIVE;
				GCC_WARN_UNUSED_FUNCTION = YES;
				GCC_WARN_UNUSED_VARIABLE = YES;
				IPHONEOS_DEPLOYMENT_TARGET = 14.2;
				MTL_ENABLE_DEBUG_INFO = NO;
				MTL_FAST_MATH = YES;
				SDKROOT = iphoneos;
				SWIFT_COMPILATION_MODE = wholemodule;
				SWIFT_OPTIMIZATION_LEVEL = "-O";
				VALIDATE_PRODUCT = YES;
			};
			name = Release;
		};
		F6A2174E25D8E17D0048C99F /* Debug */ = {
			isa = XCBuildConfiguration;
			buildSettings = {
				ASSETCATALOG_COMPILER_APPICON_NAME = AppIcon;
				ASSETCATALOG_COMPILER_GLOBAL_ACCENT_COLOR_NAME = AccentColor;
				CODE_SIGN_STYLE = Automatic;
				INFOPLIST_FILE = slideshowApp/Info.plist;
				LD_RUNPATH_SEARCH_PATHS = (
					"$(inherited)",
					"@executable_path/Frameworks",
				);
				PRODUCT_BUNDLE_IDENTIFIER = hiroshi.tokudomi.slideshowApp;
				PRODUCT_NAME = "$(TARGET_NAME)";
				SWIFT_VERSION = 5.0;
				TARGETED_DEVICE_FAMILY = "1,2";
			};
			name = Debug;
		};
		F6A2174F25D8E17D0048C99F /* Release */ = {
			isa = XCBuildConfiguration;
			buildSettings = {
				ASSETCATALOG_COMPILER_APPICON_NAME = AppIcon;
				ASSETCATALOG_COMPILER_GLOBAL_ACCENT_COLOR_NAME = AccentColor;
				CODE_SIGN_STYLE = Automatic;
				INFOPLIST_FILE = slideshowApp/Info.plist;
				LD_RUNPATH_SEARCH_PATHS = (
					"$(inherited)",
					"@executable_path/Frameworks",
				);
				PRODUCT_BUNDLE_IDENTIFIER = hiroshi.tokudomi.slideshowApp;
				PRODUCT_NAME = "$(TARGET_NAME)";
				SWIFT_VERSION = 5.0;
				TARGETED_DEVICE_FAMILY = "1,2";
			};
			name = Release;
		};
/* End XCBuildConfiguration section */

/* Begin XCConfigurationList section */
		F6A2173425D8E17C0048C99F /* Build configuration list for PBXProject "slideshowApp" */ = {
			isa = XCConfigurationList;
			buildConfigurations = (
				F6A2174B25D8E17D0048C99F /* Debug */,
				F6A2174C25D8E17D0048C99F /* Release */,
			);
			defaultConfigurationIsVisible = 0;
			defaultConfigurationName = Release;
		};
		F6A2174D25D8E17D0048C99F /* Build configuration list for PBXNativeTarget "slideshowApp" */ = {
			isa = XCConfigurationList;
			buildConfigurations = (
				F6A2174E25D8E17D0048C99F /* Debug */,
				F6A2174F25D8E17D0048C99F /* Release */,
			);
			defaultConfigurationIsVisible = 0;
			defaultConfigurationName = Release;
		};
/* End XCConfigurationList section */
	};
	rootObject = F6A2173125D8E17C0048C99F /* Project object */;
}
